
Microsoft Visual Studio Solution File, Format Version 12.00
# Visual Studio Version 17
VisualStudioVersion = 17.10.35013.160
MinimumVisualStudioVersion = 10.0.40219.1
Project("{FAE04EC0-301F-11D3-BF4B-00C04F79EFBC}") = "AppBlog.Api", "AppBlog.Api\AppBlog.Api.csproj", "{DB03F8BA-B3F4-4B50-8E64-2918C1FD6114}"
EndProject
Project("{FAE04EC0-301F-11D3-BF4B-00C04F79EFBC}") = "AppBlog.Domain", "AppBlog.Domain\AppBlog.Domain.csproj", "{EFE35CF6-D571-42F9-B6F7-E7B8F1EC3BBE}"
EndProject
Global
	GlobalSection(SolutionConfigurationPlatforms) = preSolution
		Debug|Any CPU = Debug|Any CPU
		Release|Any CPU = Release|Any CPU
	EndGlobalSection
	GlobalSection(ProjectConfigurationPlatforms) = postSolution
		{DB03F8BA-B3F4-4B50-8E64-2918C1FD6114}.Debug|Any CPU.ActiveCfg = Debug|Any CPU
		{DB03F8BA-B3F4-4B50-8E64-2918C1FD6114}.Debug|Any CPU.Build.0 = Debug|Any CPU
		{DB03F8BA-B3F4-4B50-8E64-2918C1FD6114}.Release|Any CPU.ActiveCfg = Release|Any CPU
		{DB03F8BA-B3F4-4B50-8E64-2918C1FD6114}.Release|Any CPU.Build.0 = Release|Any CPU
		{EFE35CF6-D571-42F9-B6F7-E7B8F1EC3BBE}.Debug|Any CPU.ActiveCfg = Debug|Any CPU
		{EFE35CF6-D571-42F9-B6F7-E7B8F1EC3BBE}.Debug|Any CPU.Build.0 = Debug|Any CPU
		{EFE35CF6-D571-42F9-B6F7-E7B8F1EC3BBE}.Release|Any CPU.ActiveCfg = Release|Any CPU
		{EFE35CF6-D571-42F9-B6F7-E7B8F1EC3BBE}.Release|Any CPU.Build.0 = Release|Any CPU
	EndGlobalSection
	GlobalSection(SolutionProperties) = preSolution
		HideSolutionNode = FALSE
	EndGlobalSection
	GlobalSection(ExtensibilityGlobals) = postSolution
		SolutionGuid = {C36BAD04-63A1-4B69-8AA7-674980EECDA5}
	EndGlobalSection
EndGlobal
